Microsoft Visual Studio Solution File, Format Version 12.00
# Visual Studio Version 17
VisualStudioVersion = 17.4.33122.133
MinimumVisualStudioVersion = 10.0.40219.1
Project("{FAE04EC0-301F-11D3-BF4B-00C04F79EFBC}") = "FloatMath", "..\FloatMath\FloatMath.csproj", "{7A4827BD-2462-4E4D-BCE1-E7D3A8ED3B54}"
EndProject
Project("{FAE04EC0-301F-11D3-BF4B-00C04F79EFBC}") = "Hoki", "Hoki.csproj", "{882D7495-BF7D-4A2C-B123-CCD2469235E7}"
EndProject
Project("{FAE04EC0-301F-11D3-BF4B-00C04F79EFBC}") = "SpriteUtilities", "..\SpriteUtilities\SpriteUtilities.csproj", "{C7E15C1D-8AAA-4374-B78E-32A04A4F4DB9}"
EndProject
Global
	GlobalSection(SolutionConfigurationPlatforms) = preSolution
		Debug|Any CPU = Debug|Any CPU
		Release|Any CPU = Release|Any CPU
	EndGlobalSection
	GlobalSection(ProjectConfigurationPlatforms) = postSolution
		{7A4827BD-2462-4E4D-BCE1-E7D3A8ED3B54}.Debug|Any CPU.ActiveCfg = Debug|Any CPU
		{7A4827BD-2462-4E4D-BCE1-E7D3A8ED3B54}.Debug|Any CPU.Build.0 = Debug|Any CPU
		{7A4827BD-2462-4E4D-BCE1-E7D3A8ED3B54}.Release|Any CPU.ActiveCfg = Release|Any CPU
		{7A4827BD-2462-4E4D-BCE1-E7D3A8ED3B54}.Release|Any CPU.Build.0 = Release|Any CPU
		{882D7495-BF7D-4A2C-B123-CCD2469235E7}.Debug|Any CPU.ActiveCfg = Debug|Any CPU
		{882D7495-BF7D-4A2C-B123-CCD2469235E7}.Debug|Any CPU.Build.0 = Debug|Any CPU
		{882D7495-BF7D-4A2C-B123-CCD2469235E7}.Release|Any CPU.ActiveCfg = Release|Any CPU
		{882D7495-BF7D-4A2C-B123-CCD2469235E7}.Release|Any CPU.Build.0 = Release|Any CPU
		{C7E15C1D-8AAA-4374-B78E-32A04A4F4DB9}.Debug|Any CPU.ActiveCfg = Debug|Any CPU
		{C7E15C1D-8AAA-4374-B78E-32A04A4F4DB9}.Debug|Any CPU.Build.0 = Debug|Any CPU
		{C7E15C1D-8AAA-4374-B78E-32A04A4F4DB9}.Release|Any CPU.ActiveCfg = Release|Any CPU
		{C7E15C1D-8AAA-4374-B78E-32A04A4F4DB9}.Release|Any CPU.Build.0 = Release|Any CPU
	EndGlobalSection
	GlobalSection(SolutionProperties) = preSolution
		HideSolutionNode = FALSE
	EndGlobalSection
	GlobalSection(ExtensibilityGlobals) = postSolution
		SolutionGuid = {65538C0C-094F-4C31-90CF-A2320D0593B6}
	EndGlobalSection
EndGlobal
