Microsoft Visual Studio Solution File, Format Version 8.00
Project("{FAE04EC0-301F-11D3-BF4B-00C04F79EFBC}") = "FloatMath", "FloatMath.csproj", "{7A4827BD-2462-4E4D-BCE1-E7D3A8ED3B54}"
	ProjectSection(ProjectDependencies) = postProject
	EndProjectSection
EndProject
Global
	GlobalSection(SolutionConfiguration) = preSolution
		Debug = Debug
		Release = Release
	EndGlobalSection
	GlobalSection(ProjectConfiguration) = postSolution
		{7A4827BD-2462-4E4D-BCE1-E7D3A8ED3B54}.Debug.ActiveCfg = Debug|.NET
		{7A4827BD-2462-4E4D-BCE1-E7D3A8ED3B54}.Debug.Build.0 = Debug|.NET
		{7A4827BD-2462-4E4D-BCE1-E7D3A8ED3B54}.Release.ActiveCfg = Release|.NET
		{7A4827BD-2462-4E4D-BCE1-E7D3A8ED3B54}.Release.Build.0 = Release|.NET
	EndGlobalSection
	GlobalSection(ExtensibilityGlobals) = postSolution
	EndGlobalSection
	GlobalSection(ExtensibilityAddIns) = postSolution
	EndGlobalSection
EndGlobal
