Microsoft Visual Studio Solution File, Format Version 12.00
# Visual Studio Version 17
VisualStudioVersion = 17.4.33122.133
MinimumVisualStudioVersion = 10.0.40219.1
Project("{FAE04EC0-301F-11D3-BF4B-00C04F79EFBC}") = "Cryptography", "Cryptography.csproj", "{8DEBEA49-1B34-43FA-8FC7-2B46C208B17A}"
EndProject
Global
	GlobalSection(SolutionConfigurationPlatforms) = preSolution
		Debug|Any CPU = Debug|Any CPU
		Release|Any CPU = Release|Any CPU
	EndGlobalSection
	GlobalSection(ProjectConfigurationPlatforms) = postSolution
		{8DEBEA49-1B34-43FA-8FC7-2B46C208B17A}.Debug|Any CPU.ActiveCfg = Debug|Any CPU
		{8DEBEA49-1B34-43FA-8FC7-2B46C208B17A}.Debug|Any CPU.Build.0 = Debug|Any CPU
		{8DEBEA49-1B34-43FA-8FC7-2B46C208B17A}.Release|Any CPU.ActiveCfg = Release|Any CPU
		{8DEBEA49-1B34-43FA-8FC7-2B46C208B17A}.Release|Any CPU.Build.0 = Release|Any CPU
	EndGlobalSection
	GlobalSection(SolutionProperties) = preSolution
		HideSolutionNode = FALSE
	EndGlobalSection
	GlobalSection(ExtensibilityGlobals) = postSolution
		SolutionGuid = {CFBDF325-64E9-4591-B8E3-8613637FDDD8}
	EndGlobalSection
EndGlobal
